{
  "name": "node",
  "version": "1.0.0",
  "lockfileVersion": 1,
  "requires": true,
  "dependencies": {
    "canvas": {
      "version": "1.6.10",
      "resolved": "https://registry.npmjs.org/canvas/-/canvas-1.6.10.tgz",
      "integrity": "sha512-wd97ZrUfLYWjQ0qcJGiM44anXB+RviRu3DETpPIS4Sf7JzhP9PawwHdZOlx8sufcsRSeWuQe93qaCtwvK1jWXQ==",
      "requires": {
        "nan": "2.10.0"
      }
    },
    "nan": {
      "version": "2.10.0",
      "resolved": "https://registry.npmjs.org/nan/-/nan-2.10.0.tgz",
      "integrity": "sha512-bAdJv7fBLhWC+/Bls0Oza+mvTaNQtP+1RyhhhvD95pgUJz6XM5IzgmxOkItJ9tkoCiplvAnXI1tNmmUD/eScyA=="
    },
    "pdf417-generator": {
      "version": "1.0.0",
      "resolved": "https://registry.npmjs.org/pdf417-generator/-/pdf417-generator-1.0.0.tgz",
      "integrity": "sha512-REBsGaNg03LS1+DYgbDIfLn4O8PNFtIEP3BmwDI8htUcCYIISsDRfCPMgF1oFm0Jair0bZ/rQNpBqr7JLZge1w=="
    }
  }
}
